// !$*UTF8*$!
{
	archiveVersion = 1;
	classes = {
	};
	objectVersion = 48;
	objects = {

/* Begin PBXBuildFile section */
		CCE8637B1F7FDE410078DFAE /* AppDelegate.swift in Sources */ = {isa = PBXBuildFile; fileRef = CCE8637A1F7FDE410078DFAE /* AppDelegate.swift */; };
		CCE8637D1F7FDE410078DFAE /* ViewController.swift in Sources */ = {isa = PBXBuildFile; fileRef = CCE8637C1F7FDE410078DFAE /* ViewController.swift */; };
		CCE863801F7FDE410078DFAE /* Main.storyboard in Resources */ = {isa = PBXBuildFile; fileRef = CCE8637E1F7FDE410078DFAE /* Main.storyboard */; };
		CCE863821F7FDE410078DFAE /* Assets.xcassets in Resources */ = {isa = PBXBuildFile; fileRef = CCE863811F7FDE410078DFAE /* Assets.xcassets */; };
		CCE863851F7FDE410078DFAE /* LaunchScreen.storyboard in Resources */ = {isa = PBXBuildFile; fileRef = CCE863831F7FDE410078DFAE /* LaunchScreen.storyboard */; };
		CCE863941F7FE6550078DFAE /* note_a.wav in Resources */ = {isa = PBXBuildFile; fileRef = CCE8638D1F7FE64D0078DFAE /* note_a.wav */; };
		CCE863951F7FE6550078DFAE /* note_b.wav in Resources */ = {isa = PBXBuildFile; fileRef = CCE863931F7FE64D0078DFAE /* note_b.wav */; };
		CCE863961F7FE6550078DFAE /* note_c.wav in Resources */ = {isa = PBXBuildFile; fileRef = CCE863921F7FE64D0078DFAE /* note_c.wav */; };
		CCE863971F7FE6550078DFAE /* note_d.wav in Resources */ = {isa = PBXBuildFile; fileRef = CCE863901F7FE64D0078DFAE /* note_d.wav */; };
		CCE863981F7FE6550078DFAE /* note_e.wav in Resources */ = {isa = PBXBuildFile; fileRef = CCE8638E1F7FE64D0078DFAE /* note_e.wav */; };
		CCE863991F7FE6550078DFAE /* note_f.wav in Resources */ = {isa = PBXBuildFile; fileRef = CCE8638F1F7FE64D0078DFAE /* note_f.wav */; };
		CCE8639A1F7FE6550078DFAE /* note_g.wav in Resources */ = {isa = PBXBuildFile; fileRef = CCE863911F7FE64D0078DFAE /* note_g.wav */; };
/* End PBXBuildFile section */

/* Begin PBXFileReference section */
		CCE863771F7FDE410078DFAE /* BackToThePast.app */ = {isa = PBXFileReference; explicitFileType = wrapper.application; includeInIndex = 0; path = BackToThePast.app; sourceTree = BUILT_PRODUCTS_DIR; };
		CCE8637A1F7FDE410078DFAE /* AppDelegate.swift */ = {isa = PBXFileReference; lastKnownFileType = sourcecode.swift; path = AppDelegate.swift; sourceTree = "<group>"; };
		CCE8637C1F7FDE410078DFAE /* ViewController.swift */ = {isa = PBXFileReference; lastKnownFileType = sourcecode.swift; path = ViewController.swift; sourceTree = "<group>"; };
		CCE8637F1F7FDE410078DFAE /* Base */ = {isa = PBXFileReference; lastKnownFileType = file.storyboard; name = Base; path = Base.lproj/Main.storyboard; sourceTree = "<group>"; };
		CCE863811F7FDE410078DFAE /* Assets.xcassets */ = {isa = PBXFileReference; lastKnownFileType = folder.assetcatalog; path = Assets.xcassets; sourceTree = "<group>"; };
		CCE863841F7FDE410078DFAE /* Base */ = {isa = PBXFileReference; lastKnownFileType = file.storyboard; name = Base; path = Base.lproj/LaunchScreen.storyboard; sourceTree = "<group>"; };
		CCE863861F7FDE410078DFAE /* Info.plist */ = {isa = PBXFileReference; lastKnownFileType = text.plist.xml; path = Info.plist; sourceTree = "<group>"; };
		CCE8638D1F7FE64D0078DFAE /* note_a.wav */ = {isa = PBXFileReference; lastKnownFileType = audio.wav; path = note_a.wav; sourceTree = "<group>"; };
		CCE8638E1F7FE64D0078DFAE /* note_e.wav */ = {isa = PBXFileReference; lastKnownFileType = audio.wav; path = note_e.wav; sourceTree = "<group>"; };
		CCE8638F1F7FE64D0078DFAE /* note_f.wav */ = {isa = PBXFileReference; lastKnownFileType = audio.wav; path = note_f.wav; sourceTree = "<group>"; };
		CCE863901F7FE64D0078DFAE /* note_d.wav */ = {isa = PBXFileReference; lastKnownFileType = audio.wav; path = note_d.wav; sourceTree = "<group>"; };
		CCE863911F7FE64D0078DFAE /* note_g.wav */ = {isa = PBXFileReference; lastKnownFileType = audio.wav; path = note_g.wav; sourceTree = "<group>"; };
		CCE863921F7FE64D0078DFAE /* note_c.wav */ = {isa = PBXFileReference; lastKnownFileType = audio.wav; path = note_c.wav; sourceTree = "<group>"; };
		CCE863931F7FE64D0078DFAE /* note_b.wav */ = {isa = PBXFileReference; lastKnownFileType = audio.wav; path = note_b.wav; sourceTree = "<group>"; };
/* End PBXFileReference section */

/* Begin PBXFrameworksBuildPhase section */
		CCE863741F7FDE410078DFAE /* Frameworks */ = {
			isa = PBXFrameworksBuildPhase;
			buildActionMask = 2147483647;
			files = (
			);
			runOnlyForDeploymentPostprocessing = 0;
		};
/* End PBXFrameworksBuildPhase section */

/* Begin PBXGroup section */
		CCE8636E1F7FDE410078DFAE = {
			isa = PBXGroup;
			children = (
				CCE863791F7FDE410078DFAE /* BackToThePast */,
				CCE863781F7FDE410078DFAE /* Products */,
			);
			sourceTree = "<group>";
		};
		CCE863781F7FDE410078DFAE /* Products */ = {
			isa = PBXGroup;
			children = (
				CCE863771F7FDE410078DFAE /* BackToThePast.app */,
			);
			name = Products;
			sourceTree = "<group>";
		};
		CCE863791F7FDE410078DFAE /* BackToThePast */ = {
			isa = PBXGroup;
			children = (
				CCE8638C1F7FE6360078DFAE /* Sound files */,
				CCE8637A1F7FDE410078DFAE /* AppDelegate.swift */,
				CCE8637C1F7FDE410078DFAE /* ViewController.swift */,
				CCE8637E1F7FDE410078DFAE /* Main.storyboard */,
				CCE863811F7FDE410078DFAE /* Assets.xcassets */,
				CCE863831F7FDE410078DFAE /* LaunchScreen.storyboard */,
				CCE863861F7FDE410078DFAE /* Info.plist */,
			);
			path = BackToThePast;
			sourceTree = "<group>";
		};
		CCE8638C1F7FE6360078DFAE /* Sound files */ = {
			isa = PBXGroup;
			children = (
				CCE8638D1F7FE64D0078DFAE /* note_a.wav */,
				CCE863931F7FE64D0078DFAE /* note_b.wav */,
				CCE863921F7FE64D0078DFAE /* note_c.wav */,
				CCE863901F7FE64D0078DFAE /* note_d.wav */,
				CCE8638E1F7FE64D0078DFAE /* note_e.wav */,
				CCE8638F1F7FE64D0078DFAE /* note_f.wav */,
				CCE863911F7FE64D0078DFAE /* note_g.wav */,
			);
			path = "Sound files";
			sourceTree = "<group>";
		};
/* End PBXGroup section */

/* Begin PBXNativeTarget section */
		CCE863761F7FDE410078DFAE /* BackToThePast */ = {
			isa = PBXNativeTarget;
			buildConfigurationList = CCE863891F7FDE410078DFAE /* Build configuration list for PBXNativeTarget "BackToThePast" */;
			buildPhases = (
				CCE863731F7FDE410078DFAE /* Sources */,
				CCE863741F7FDE410078DFAE /* Frameworks */,
				CCE863751F7FDE410078DFAE /* Resources */,
			);
			buildRules = (
			);
			dependencies = (
			);
			name = BackToThePast;
			productName = BackToThePast;
			productReference = CCE863771F7FDE410078DFAE /* BackToThePast.app */;
			productType = "com.apple.product-type.application";
		};
/* End PBXNativeTarget section */

/* Begin PBXProject section */
		CCE8636F1F7FDE410078DFAE /* Project object */ = {
			isa = PBXProject;
			attributes = {
				LastSwiftUpdateCheck = 0900;
				LastUpgradeCheck = 0900;
				ORGANIZATIONNAME = "Gorloff Foundation";
				TargetAttributes = {
					CCE863761F7FDE410078DFAE = {
						CreatedOnToolsVersion = 9.0;
						ProvisioningStyle = Automatic;
					};
				};
			};
			buildConfigurationList = CCE863721F7FDE410078DFAE /* Build configuration list for PBXProject "BackToThePast" */;
			compatibilityVersion = "Xcode 8.0";
			developmentRegion = en;
			hasScannedForEncodings = 0;
			knownRegions = (
				en,
				Base,
			);
			mainGroup = CCE8636E1F7FDE410078DFAE;
			productRefGroup = CCE863781F7FDE410078DFAE /* Products */;
			projectDirPath = "";
			projectRoot = "";
			targets = (
				CCE863761F7FDE410078DFAE /* BackToThePast */,
			);
		};
/* End PBXProject section */

/* Begin PBXResourcesBuildPhase section */
		CCE863751F7FDE410078DFAE /* Resources */ = {
			isa = PBXResourcesBuildPhase;
			buildActionMask = 2147483647;
			files = (
				CCE863981F7FE6550078DFAE /* note_e.wav in Resources */,
				CCE863941F7FE6550078DFAE /* note_a.wav in Resources */,
				CCE863991F7FE6550078DFAE /* note_f.wav in Resources */,
				CCE863951F7FE6550078DFAE /* note_b.wav in Resources */,
				CCE863971F7FE6550078DFAE /* note_d.wav in Resources */,
				CCE863961F7FE6550078DFAE /* note_c.wav in Resources */,
				CCE8639A1F7FE6550078DFAE /* note_g.wav in Resources */,
				CCE863851F7FDE410078DFAE /* LaunchScreen.storyboard in Resources */,
				CCE863821F7FDE410078DFAE /* Assets.xcassets in Resources */,
				CCE863801F7FDE410078DFAE /* Main.storyboard in Resources */,
			);
			runOnlyForDeploymentPostprocessing = 0;
		};
/* End PBXResourcesBuildPhase section */

/* Begin PBXSourcesBuildPhase section */
		CCE863731F7FDE410078DFAE /* Sources */ = {
			isa = PBXSourcesBuildPhase;
			buildActionMask = 2147483647;
			files = (
				CCE8637D1F7FDE410078DFAE /* ViewController.swift in Sources */,
				CCE8637B1F7FDE410078DFAE /* AppDelegate.swift in Sources */,
			);
			runOnlyForDeploymentPostprocessing = 0;
		};
/* End PBXSourcesBuildPhase section */

/* Begin PBXVariantGroup section */
		CCE8637E1F7FDE410078DFAE /* Main.storyboard */ = {
			isa = PBXVariantGroup;
			children = (
				CCE8637F1F7FDE410078DFAE /* Base */,
			);
			name = Main.storyboard;
			sourceTree = "<group>";
		};
		CCE863831F7FDE410078DFAE /* LaunchScreen.storyboard */ = {
			isa = PBXVariantGroup;
			children = (
				CCE863841F7FDE410078DFAE /* Base */,
			);
			name = LaunchScreen.storyboard;
			sourceTree = "<group>";
		};
/* End PBXVariantGroup section */

/* Begin XCBuildConfiguration section */
		CCE863871F7FDE410078DFAE /* Debug */ = {
			isa = XCBuildConfiguration;
			buildSettings = {
				ALWAYS_SEARCH_USER_PATHS = NO;
				CLANG_ANALYZER_NONNULL = YES;
				CLANG_ANALYZER_NUMBER_OBJECT_CONVERSION = YES_AGGRESSIVE;
				CLANG_CXX_LANGUAGE_STANDARD = "gnu++14";
				CLANG_CXX_LIBRARY = "libc++";
				CLANG_ENABLE_MODULES = YES;
				CLANG_ENABLE_OBJC_ARC = YES;
				CLANG_WARN_BLOCK_CAPTURE_AUTORELEASING = YES;
				CLANG_WARN_BOOL_CONVERSION = YES;
				CLANG_WARN_COMMA = YES;
				CLANG_WARN_CONSTANT_CONVERSION = YES;
				CLANG_WARN_DIRECT_OBJC_ISA_USAGE = YES_ERROR;
				CLANG_WARN_DOCUMENTATION_COMMENTS = YES;
				CLANG_WARN_EMPTY_BODY = YES;
				CLANG_WARN_ENUM_CONVERSION = YES;
				CLANG_WARN_INFINITE_RECURSION = YES;
				CLANG_WARN_INT_CONVERSION = YES;
				CLANG_WARN_NON_LITERAL_NULL_CONVERSION = YES;
				CLANG_WARN_OBJC_LITERAL_CONVERSION = YES;
				CLANG_WARN_OBJC_ROOT_CLASS = YES_ERROR;
				CLANG_WARN_RANGE_LOOP_ANALYSIS = YES;
				CLANG_WARN_STRICT_PROTOTYPES = YES;
				CLANG_WARN_SUSPICIOUS_MOVE = YES;
				CLANG_WARN_UNGUARDED_AVAILABILITY = YES_AGGRESSIVE;
				CLANG_WARN_UNREACHABLE_CODE = YES;
				CLANG_WARN__DUPLICATE_METHOD_MATCH = YES;
				CODE_SIGN_IDENTITY = "iPhone Developer";
				COPY_PHASE_STRIP = NO;
				DEBUG_INFORMATION_FORMAT = dwarf;
				ENABLE_STRICT_OBJC_MSGSEND = YES;
				ENABLE_TESTABILITY = YES;
				GCC_C_LANGUAGE_STANDARD = gnu11;
				GCC_DYNAMIC_NO_PIC = NO;
				GCC_NO_COMMON_BLOCKS = YES;
				GCC_OPTIMIZATION_LEVEL = 0;
				GCC_PREPROCESSOR_DEFINITIONS = (
					"DEBUG=1",
					"$(inherited)",
				);
				GCC_WARN_64_TO_32_BIT_CONVERSION = YES;
				GCC_WARN_ABOUT_RETURN_TYPE = YES_ERROR;
				GCC_WARN_UNDECLARED_SELECTOR = YES;
				GCC_WARN_UNINITIALIZED_AUTOS = YES_AGGRESSIVE;
				GCC_WARN_UNUSED_FUNCTION = YES;
				GCC_WARN_UNUSED_VARIABLE = YES;
				IPHONEOS_DEPLOYMENT_TARGET = 11.0;
				MTL_ENABLE_DEBUG_INFO = YES;
				ONLY_ACTIVE_ARCH = YES;
				SDKROOT = iphoneos;
				SWIFT_ACTIVE_COMPILATION_CONDITIONS = DEBUG;
				SWIFT_OPTIMIZATION_LEVEL = "-Onone";
			};
			name = Debug;
		};
		CCE863881F7FDE410078DFAE /* Release */ = {
			isa = XCBuildConfiguration;
			buildSettings = {
				ALWAYS_SEARCH_USER_PATHS = NO;
				CLANG_ANALYZER_NONNULL = YES;
				CLANG_ANALYZER_NUMBER_OBJECT_CONVERSION = YES_AGGRESSIVE;
				CLANG_CXX_LANGUAGE_STANDARD = "gnu++14";
				CLANG_CXX_LIBRARY = "libc++";
				CLANG_ENABLE_MODULES = YES;
				CLANG_ENABLE_OBJC_ARC = YES;
				CLANG_WARN_BLOCK_CAPTURE_AUTORELEASING = YES;
				CLANG_WARN_BOOL_CONVERSION = YES;
				CLANG_WARN_COMMA = YES;
				CLANG_WARN_CONSTANT_CONVERSION = YES;
				CLANG_WARN_DIRECT_OBJC_ISA_USAGE = YES_ERROR;
				CLANG_WARN_DOCUMENTATION_COMMENTS = YES;
				CLANG_WARN_EMPTY_BODY = YES;
				CLANG_WARN_ENUM_CONVERSION = YES;
				CLANG_WARN_INFINITE_RECURSION = YES;
				CLANG_WARN_INT_CONVERSION = YES;
				CLANG_WARN_NON_LITERAL_NULL_CONVERSION = YES;
				CLANG_WARN_OBJC_LITERAL_CONVERSION = YES;
				CLANG_WARN_OBJC_ROOT_CLASS = YES_ERROR;
				CLANG_WARN_RANGE_LOOP_ANALYSIS = YES;
				CLANG_WARN_STRICT_PROTOTYPES = YES;
				CLANG_WARN_SUSPICIOUS_MOVE = YES;
				CLANG_WARN_UNGUARDED_AVAILABILITY = YES_AGGRESSIVE;
				CLANG_WARN_UNREACHABLE_CODE = YES;
				CLANG_WARN__DUPLICATE_METHOD_MATCH = YES;
				CODE_SIGN_IDENTITY = "iPhone Developer";
				COPY_PHASE_STRIP = NO;
				DEBUG_INFORMATION_FORMAT = "dwarf-with-dsym";
				ENABLE_NS_ASSERTIONS = NO;
				ENABLE_STRICT_OBJC_MSGSEND = YES;
				GCC_C_LANGUAGE_STANDARD = gnu11;
				GCC_NO_COMMON_BLOCKS = YES;
				GCC_WARN_64_TO_32_BIT_CONVERSION = YES;
				GCC_WARN_ABOUT_RETURN_TYPE = YES_ERROR;
				GCC_WARN_UNDECLARED_SELECTOR = YES;
				GCC_WARN_UNINITIALIZED_AUTOS = YES_AGGRESSIVE;
				GCC_WARN_UNUSED_FUNCTION = YES;
				GCC_WARN_UNUSED_VARIABLE = YES;
				IPHONEOS_DEPLOYMENT_TARGET = 11.0;
				MTL_ENABLE_DEBUG_INFO = NO;
				SDKROOT = iphoneos;
				SWIFT_OPTIMIZATION_LEVEL = "-Owholemodule";
				VALIDATE_PRODUCT = YES;
			};
			name = Release;
		};
		CCE8638A1F7FDE410078DFAE /* Debug */ = {
			isa = XCBuildConfiguration;
			buildSettings = {
				ASSETCATALOG_COMPILER_APPICON_NAME = AppIcon;
				CODE_SIGN_STYLE = Automatic;
				DEVELOPMENT_TEAM = HCF4B6G79X;
				INFOPLIST_FILE = BackToThePast/Info.plist;
				LD_RUNPATH_SEARCH_PATHS = "$(inherited) @executable_path/Frameworks";
				PRODUCT_BUNDLE_IDENTIFIER = ru.swiftworld.BackToThePast;
				PRODUCT_NAME = "$(TARGET_NAME)";
				SWIFT_VERSION = 4.0;
				TARGETED_DEVICE_FAMILY = 2;
			};
			name = Debug;
		};
		CCE8638B1F7FDE410078DFAE /* Release */ = {
			isa = XCBuildConfiguration;
			buildSettings = {
				ASSETCATALOG_COMPILER_APPICON_NAME = AppIcon;
				CODE_SIGN_STYLE = Automatic;
				DEVELOPMENT_TEAM = HCF4B6G79X;
				INFOPLIST_FILE = BackToThePast/Info.plist;
				LD_RUNPATH_SEARCH_PATHS = "$(inherited) @executable_path/Frameworks";
				PRODUCT_BUNDLE_IDENTIFIER = ru.swiftworld.BackToThePast;
				PRODUCT_NAME = "$(TARGET_NAME)";
				SWIFT_VERSION = 4.0;
				TARGETED_DEVICE_FAMILY = 2;
			};
			name = Release;
		};
/* End XCBuildConfiguration section */

/* Begin XCConfigurationList section */
		CCE863721F7FDE410078DFAE /* Build configuration list for PBXProject "BackToThePast" */ = {
			isa = XCConfigurationList;
			buildConfigurations = (
				CCE863871F7FDE410078DFAE /* Debug */,
				CCE863881F7FDE410078DFAE /* Release */,
			);
			defaultConfigurationIsVisible = 0;
			defaultConfigurationName = Release;
		};
		CCE863891F7FDE410078DFAE /* Build configuration list for PBXNativeTarget "BackToThePast" */ = {
			isa = XCConfigurationList;
			buildConfigurations = (
				CCE8638A1F7FDE410078DFAE /* Debug */,
				CCE8638B1F7FDE410078DFAE /* Release */,
			);
			defaultConfigurationIsVisible = 0;
			defaultConfigurationName = Release;
		};
/* End XCConfigurationList section */
	};
	rootObject = CCE8636F1F7FDE410078DFAE /* Project object */;
}
